
Microsoft Visual Studio Solution File, Format Version 12.00
# Visual Studio Version 16
VisualStudioVersion = 16.0.32228.343
MinimumVisualStudioVersion = 10.0.40219.1
Project("{FAE04EC0-301F-11D3-BF4B-00C04F79EFBC}") = "CleanArchMvc.Domain", "CleanArchMvc.Domain\CleanArchMvc.Domain.csproj", "{610E2385-9F95-402E-B1A3-78CD372846F9}"
EndProject
Project("{FAE04EC0-301F-11D3-BF4B-00C04F79EFBC}") = "CleanArchMvc.Application", "CleanArchMvc.Application\CleanArchMvc.Application.csproj", "{F92063C5-B873-42E8-B463-C1A051A4E887}"
EndProject
Project("{FAE04EC0-301F-11D3-BF4B-00C04F79EFBC}") = "CleanArchMvc.Infra.Data", "CleanArchMvc.Infra.Data\CleanArchMvc.Infra.Data.csproj", "{33441DC0-D233-499B-81F7-A0A1F4384B54}"
EndProject
Project("{FAE04EC0-301F-11D3-BF4B-00C04F79EFBC}") = "CleanArchMvc.Infra.IoC", "CleanArchMvc.Infra.IoC\CleanArchMvc.Infra.IoC.csproj", "{1AE25C9E-69C4-427D-B6BC-0E07A23D86F1}"
EndProject
Project("{FAE04EC0-301F-11D3-BF4B-00C04F79EFBC}") = "CleanArchMvc.WebUI", "CleanArchMvc.WebUI\CleanArchMvc.WebUI.csproj", "{374695B4-3B21-43EA-A65D-471C2E92C6AB}"
EndProject
Project("{FAE04EC0-301F-11D3-BF4B-00C04F79EFBC}") = "CleanArchMvc.Domain.Tests", "CleanArchMvc.Domain.Tests\CleanArchMvc.Domain.Tests.csproj", "{03668765-FB10-4DB7-83F3-1848743A0365}"
EndProject
Global
	GlobalSection(SolutionConfigurationPlatforms) = preSolution
		Debug|Any CPU = Debug|Any CPU
		Release|Any CPU = Release|Any CPU
	EndGlobalSection
	GlobalSection(ProjectConfigurationPlatforms) = postSolution
		{610E2385-9F95-402E-B1A3-78CD372846F9}.Debug|Any CPU.ActiveCfg = Debug|Any CPU
		{610E2385-9F95-402E-B1A3-78CD372846F9}.Debug|Any CPU.Build.0 = Debug|Any CPU
		{610E2385-9F95-402E-B1A3-78CD372846F9}.Release|Any CPU.ActiveCfg = Release|Any CPU
		{610E2385-9F95-402E-B1A3-78CD372846F9}.Release|Any CPU.Build.0 = Release|Any CPU
		{F92063C5-B873-42E8-B463-C1A051A4E887}.Debug|Any CPU.ActiveCfg = Debug|Any CPU
		{F92063C5-B873-42E8-B463-C1A051A4E887}.Debug|Any CPU.Build.0 = Debug|Any CPU
		{F92063C5-B873-42E8-B463-C1A051A4E887}.Release|Any CPU.ActiveCfg = Release|Any CPU
		{F92063C5-B873-42E8-B463-C1A051A4E887}.Release|Any CPU.Build.0 = Release|Any CPU
		{33441DC0-D233-499B-81F7-A0A1F4384B54}.Debug|Any CPU.ActiveCfg = Debug|Any CPU
		{33441DC0-D233-499B-81F7-A0A1F4384B54}.Debug|Any CPU.Build.0 = Debug|Any CPU
		{33441DC0-D233-499B-81F7-A0A1F4384B54}.Release|Any CPU.ActiveCfg = Release|Any CPU
		{33441DC0-D233-499B-81F7-A0A1F4384B54}.Release|Any CPU.Build.0 = Release|Any CPU
		{1AE25C9E-69C4-427D-B6BC-0E07A23D86F1}.Debug|Any CPU.ActiveCfg = Debug|Any CPU
		{1AE25C9E-69C4-427D-B6BC-0E07A23D86F1}.Debug|Any CPU.Build.0 = Debug|Any CPU
		{1AE25C9E-69C4-427D-B6BC-0E07A23D86F1}.Release|Any CPU.ActiveCfg = Release|Any CPU
		{1AE25C9E-69C4-427D-B6BC-0E07A23D86F1}.Release|Any CPU.Build.0 = Release|Any CPU
		{374695B4-3B21-43EA-A65D-471C2E92C6AB}.Debug|Any CPU.ActiveCfg = Debug|Any CPU
		{374695B4-3B21-43EA-A65D-471C2E92C6AB}.Debug|Any CPU.Build.0 = Debug|Any CPU
		{374695B4-3B21-43EA-A65D-471C2E92C6AB}.Release|Any CPU.ActiveCfg = Release|Any CPU
		{374695B4-3B21-43EA-A65D-471C2E92C6AB}.Release|Any CPU.Build.0 = Release|Any CPU
		{03668765-FB10-4DB7-83F3-1848743A0365}.Debug|Any CPU.ActiveCfg = Debug|Any CPU
		{03668765-FB10-4DB7-83F3-1848743A0365}.Debug|Any CPU.Build.0 = Debug|Any CPU
		{03668765-FB10-4DB7-83F3-1848743A0365}.Release|Any CPU.ActiveCfg = Release|Any CPU
		{03668765-FB10-4DB7-83F3-1848743A0365}.Release|Any CPU.Build.0 = Release|Any CPU
	EndGlobalSection
	GlobalSection(SolutionProperties) = preSolution
		HideSolutionNode = FALSE
	EndGlobalSection
	GlobalSection(ExtensibilityGlobals) = postSolution
		SolutionGuid = {48D6400C-7CC6-4B83-8811-B3BCF2A8BB33}
	EndGlobalSection
EndGlobal
